
Microsoft Visual Studio Solution File, Format Version 11.00
# Visual Studio 2010
Project("{FAE04EC0-301F-11D3-BF4B-00C04F79EFBC}") = "FileDeletePro", "FileDeletePro.csproj", "{F62DBCDC-AC70-4C03-88B9-44579FF79CE7}"
EndProject
Global
	GlobalSection(SolutionConfigurationPlatforms) = preSolution
		Debug|x86 = Debug|x86
		Release|x86 = Release|x86
	EndGlobalSection
	GlobalSection(ProjectConfigurationPlatforms) = postSolution
		{F62DBCDC-AC70-4C03-88B9-44579FF79CE7}.Debug|x86.ActiveCfg = Debug|x86
		{F62DBCDC-AC70-4C03-88B9-44579FF79CE7}.Debug|x86.Build.0 = Debug|x86
		{F62DBCDC-AC70-4C03-88B9-44579FF79CE7}.Release|x86.ActiveCfg = Release|x86
		{F62DBCDC-AC70-4C03-88B9-44579FF79CE7}.Release|x86.Build.0 = Release|x86
	EndGlobalSection
	GlobalSection(SolutionProperties) = preSolution
		HideSolutionNode = FALSE
	EndGlobalSection
EndGlobal
